// !$*UTF8*$!
{
	archiveVersion = 1;
	classes = {
	};
	objectVersion = 77;
	objects = {

/* Begin PBXBuildFile section */
		20ECE9952DB6DBF500F25699 /* Assets.xcassets in Resources */ = {isa = PBXBuildFile; fileRef = 20ECE9902DB6DBF500F25699 /* Assets.xcassets */; };
		20ECE9962DB6DBF500F25699 /* CatBreed.swift in Sources */ = {isa = PBXBuildFile; fileRef = 20ECE9912DB6DBF500F25699 /* CatBreed.swift */; };
		20ECE9972DB6DBF500F25699 /* CatBreedsApp.swift in Sources */ = {isa = PBXBuildFile; fileRef = 20ECE9922DB6DBF500F25699 /* CatBreedsApp.swift */; };
		20ECE9982DB6DBF500F25699 /* ContentView.swift in Sources */ = {isa = PBXBuildFile; fileRef = 20ECE9932DB6DBF500F25699 /* ContentView.swift */; };
		20ECE99B2DB6DBF500F25699 /* CatBreedsTests.swift in Sources */ = {isa = PBXBuildFile; fileRef = 20ECE9992DB6DBF500F25699 /* CatBreedsTests.swift */; };
		20ECE99F2DB6DBF500F25699 /* CatBreedsUITests.swift in Sources */ = {isa = PBXBuildFile; fileRef = 20ECE99C2DB6DBF500F25699 /* CatBreedsUITests.swift */; };
		20ECE9A02DB6DBF500F25699 /* CatBreedsUITestsLaunchTests.swift in Sources */ = {isa = PBXBuildFile; fileRef = 20ECE99D2DB6DBF500F25699 /* CatBreedsUITestsLaunchTests.swift */; };
/* End PBXBuildFile section */

/* Begin PBXContainerItemProxy section */
		201543172DA71124009AEE7E /* PBXContainerItemProxy */ = {
			isa = PBXContainerItemProxy;
			containerPortal = 201543012DA71123009AEE7E /* Project object */;
			proxyType = 1;
			remoteGlobalIDString = 201543082DA71123009AEE7E;
			remoteInfo = CatBreeds;
		};
		201543212DA71124009AEE7E /* PBXContainerItemProxy */ = {
			isa = PBXContainerItemProxy;
			containerPortal = 201543012DA71123009AEE7E /* Project object */;
			proxyType = 1;
			remoteGlobalIDString = 201543082DA71123009AEE7E;
			remoteInfo = CatBreeds;
		};
/* End PBXContainerItemProxy section */

/* Begin PBXFileReference section */
		201543092DA71123009AEE7E /* CatBreeds.app */ = {isa = PBXFileReference; explicitFileType = wrapper.application; includeInIndex = 0; path = CatBreeds.app; sourceTree = BUILT_PRODUCTS_DIR; };
		201543162DA71124009AEE7E /* CatBreedsTests.xctest */ = {isa = PBXFileReference; explicitFileType = wrapper.cfbundle; includeInIndex = 0; path = CatBreedsTests.xctest; sourceTree = BUILT_PRODUCTS_DIR; };
		201543202DA71124009AEE7E /* CatBreedsUITests.xctest */ = {isa = PBXFileReference; explicitFileType = wrapper.cfbundle; includeInIndex = 0; path = CatBreedsUITests.xctest; sourceTree = BUILT_PRODUCTS_DIR; };
		20ECE9902DB6DBF500F25699 /* Assets.xcassets */ = {isa = PBXFileReference; lastKnownFileType = folder.assetcatalog; path = Assets.xcassets; sourceTree = "<group>"; };
		20ECE9912DB6DBF500F25699 /* CatBreed.swift */ = {isa = PBXFileReference; lastKnownFileType = sourcecode.swift; path = CatBreed.swift; sourceTree = "<group>"; };
		20ECE9922DB6DBF500F25699 /* CatBreedsApp.swift */ = {isa = PBXFileReference; lastKnownFileType = sourcecode.swift; path = CatBreedsApp.swift; sourceTree = "<group>"; };
		20ECE9932DB6DBF500F25699 /* ContentView.swift */ = {isa = PBXFileReference; lastKnownFileType = sourcecode.swift; path = ContentView.swift; sourceTree = "<group>"; };
		20ECE9992DB6DBF500F25699 /* CatBreedsTests.swift */ = {isa = PBXFileReference; lastKnownFileType = sourcecode.swift; path = CatBreedsTests.swift; sourceTree = "<group>"; };
		20ECE99C2DB6DBF500F25699 /* CatBreedsUITests.swift */ = {isa = PBXFileReference; lastKnownFileType = sourcecode.swift; path = CatBreedsUITests.swift; sourceTree = "<group>"; };
		20ECE99D2DB6DBF500F25699 /* CatBreedsUITestsLaunchTests.swift */ = {isa = PBXFileReference; lastKnownFileType = sourcecode.swift; path = CatBreedsUITestsLaunchTests.swift; sourceTree = "<group>"; };
/* End PBXFileReference section */

/* Begin PBXFrameworksBuildPhase section */
		201543062DA71123009AEE7E /* Frameworks */ = {
			isa = PBXFrameworksBuildPhase;
			buildActionMask = 2147483647;
			files = (
			);
			runOnlyForDeploymentPostprocessing = 0;
		};
		201543132DA71124009AEE7E /* Frameworks */ = {
			isa = PBXFrameworksBuildPhase;
			buildActionMask = 2147483647;
			files = (
			);
			runOnlyForDeploymentPostprocessing = 0;
		};
		2015431D2DA71124009AEE7E /* Frameworks */ = {
			isa = PBXFrameworksBuildPhase;
			buildActionMask = 2147483647;
			files = (
			);
			runOnlyForDeploymentPostprocessing = 0;
		};
/* End PBXFrameworksBuildPhase section */

/* Begin PBXGroup section */
		201543002DA71123009AEE7E = {
			isa = PBXGroup;
			children = (
				20ECE9942DB6DBF500F25699 /* CatBreeds */,
				20ECE99A2DB6DBF500F25699 /* CatBreedsTests */,
				20ECE99E2DB6DBF500F25699 /* CatBreedsUITests */,
				2015430A2DA71123009AEE7E /* Products */,
			);
			sourceTree = "<group>";
		};
		2015430A2DA71123009AEE7E /* Products */ = {
			isa = PBXGroup;
			children = (
				201543092DA71123009AEE7E /* CatBreeds.app */,
				201543162DA71124009AEE7E /* CatBreedsTests.xctest */,
				201543202DA71124009AEE7E /* CatBreedsUITests.xctest */,
			);
			name = Products;
			sourceTree = "<group>";
		};
		20ECE98F2DB6DBF500F25699 /* View */ = {
			isa = PBXGroup;
			children = (
			);
			path = View;
			sourceTree = "<group>";
		};
		20ECE9942DB6DBF500F25699 /* CatBreeds */ = {
			isa = PBXGroup;
			children = (
				20ECE98F2DB6DBF500F25699 /* View */,
				20ECE9902DB6DBF500F25699 /* Assets.xcassets */,
				20ECE9912DB6DBF500F25699 /* CatBreed.swift */,
				20ECE9922DB6DBF500F25699 /* CatBreedsApp.swift */,
				20ECE9932DB6DBF500F25699 /* ContentView.swift */,
			);
			path = CatBreeds;
			sourceTree = "<group>";
		};
		20ECE99A2DB6DBF500F25699 /* CatBreedsTests */ = {
			isa = PBXGroup;
			children = (
				20ECE9992DB6DBF500F25699 /* CatBreedsTests.swift */,
			);
			path = CatBreedsTests;
			sourceTree = "<group>";
		};
		20ECE99E2DB6DBF500F25699 /* CatBreedsUITests */ = {
			isa = PBXGroup;
			children = (
				20ECE99C2DB6DBF500F25699 /* CatBreedsUITests.swift */,
				20ECE99D2DB6DBF500F25699 /* CatBreedsUITestsLaunchTests.swift */,
			);
			path = CatBreedsUITests;
			sourceTree = "<group>";
		};
/* End PBXGroup section */

/* Begin PBXNativeTarget section */
		201543082DA71123009AEE7E /* CatBreeds */ = {
			isa = PBXNativeTarget;
			buildConfigurationList = 2015432A2DA71124009AEE7E /* Build configuration list for PBXNativeTarget "CatBreeds" */;
			buildPhases = (
				201543052DA71123009AEE7E /* Sources */,
				201543062DA71123009AEE7E /* Frameworks */,
				201543072DA71123009AEE7E /* Resources */,
			);
			buildRules = (
			);
			dependencies = (
			);
			name = CatBreeds;
			packageProductDependencies = (
			);
			productName = CatBreeds;
			productReference = 201543092DA71123009AEE7E /* CatBreeds.app */;
			productType = "com.apple.product-type.application";
		};
		201543152DA71124009AEE7E /* CatBreedsTests */ = {
			isa = PBXNativeTarget;
			buildConfigurationList = 2015432D2DA71124009AEE7E /* Build configuration list for PBXNativeTarget "CatBreedsTests" */;
			buildPhases = (
				201543122DA71124009AEE7E /* Sources */,
				201543132DA71124009AEE7E /* Frameworks */,
				201543142DA71124009AEE7E /* Resources */,
			);
			buildRules = (
			);
			dependencies = (
				201543182DA71124009AEE7E /* PBXTargetDependency */,
			);
			name = CatBreedsTests;
			packageProductDependencies = (
			);
			productName = CatBreedsTests;
			productReference = 201543162DA71124009AEE7E /* CatBreedsTests.xctest */;
			productType = "com.apple.product-type.bundle.unit-test";
		};
		2015431F2DA71124009AEE7E /* CatBreedsUITests */ = {
			isa = PBXNativeTarget;
			buildConfigurationList = 201543302DA71124009AEE7E /* Build configuration list for PBXNativeTarget "CatBreedsUITests" */;
			buildPhases = (
				2015431C2DA71124009AEE7E /* Sources */,
				2015431D2DA71124009AEE7E /* Frameworks */,
				2015431E2DA71124009AEE7E /* Resources */,
			);
			buildRules = (
			);
			dependencies = (
				201543222DA71124009AEE7E /* PBXTargetDependency */,
			);
			name = CatBreedsUITests;
			packageProductDependencies = (
			);
			productName = CatBreedsUITests;
			productReference = 201543202DA71124009AEE7E /* CatBreedsUITests.xctest */;
			productType = "com.apple.product-type.bundle.ui-testing";
		};
/* End PBXNativeTarget section */

/* Begin PBXProject section */
		201543012DA71123009AEE7E /* Project object */ = {
			isa = PBXProject;
			attributes = {
				BuildIndependentTargetsInParallel = 1;
				LastSwiftUpdateCheck = 1630;
				LastUpgradeCheck = 1630;
				TargetAttributes = {
					201543082DA71123009AEE7E = {
						CreatedOnToolsVersion = 16.3;
					};
					201543152DA71124009AEE7E = {
						CreatedOnToolsVersion = 16.3;
						TestTargetID = 201543082DA71123009AEE7E;
					};
					2015431F2DA71124009AEE7E = {
						CreatedOnToolsVersion = 16.3;
						TestTargetID = 201543082DA71123009AEE7E;
					};
				};
			};
			buildConfigurationList = 201543042DA71123009AEE7E /* Build configuration list for PBXProject "CatBreeds" */;
			developmentRegion = en;
			hasScannedForEncodings = 0;
			knownRegions = (
				en,
				Base,
			);
			mainGroup = 201543002DA71123009AEE7E;
			minimizedProjectReferenceProxies = 1;
			preferredProjectObjectVersion = 77;
			productRefGroup = 2015430A2DA71123009AEE7E /* Products */;
			projectDirPath = "";
			projectRoot = "";
			targets = (
				201543082DA71123009AEE7E /* CatBreeds */,
				201543152DA71124009AEE7E /* CatBreedsTests */,
				2015431F2DA71124009AEE7E /* CatBreedsUITests */,
			);
		};
/* End PBXProject section */

/* Begin PBXResourcesBuildPhase section */
		201543072DA71123009AEE7E /* Resources */ = {
			isa = PBXResourcesBuildPhase;
			buildActionMask = 2147483647;
			files = (
				20ECE9952DB6DBF500F25699 /* Assets.xcassets in Resources */,
			);
			runOnlyForDeploymentPostprocessing = 0;
		};
		201543142DA71124009AEE7E /* Resources */ = {
			isa = PBXResourcesBuildPhase;
			buildActionMask = 2147483647;
			files = (
			);
			runOnlyForDeploymentPostprocessing = 0;
		};
		2015431E2DA71124009AEE7E /* Resources */ = {
			isa = PBXResourcesBuildPhase;
			buildActionMask = 2147483647;
			files = (
			);
			runOnlyForDeploymentPostprocessing = 0;
		};
/* End PBXResourcesBuildPhase section */

/* Begin PBXSourcesBuildPhase section */
		201543052DA71123009AEE7E /* Sources */ = {
			isa = PBXSourcesBuildPhase;
			buildActionMask = 2147483647;
			files = (
				20ECE9962DB6DBF500F25699 /* CatBreed.swift in Sources */,
				20ECE9972DB6DBF500F25699 /* CatBreedsApp.swift in Sources */,
				20ECE9982DB6DBF500F25699 /* ContentView.swift in Sources */,
			);
			runOnlyForDeploymentPostprocessing = 0;
		};
		201543122DA71124009AEE7E /* Sources */ = {
			isa = PBXSourcesBuildPhase;
			buildActionMask = 2147483647;
			files = (
				20ECE99B2DB6DBF500F25699 /* CatBreedsTests.swift in Sources */,
			);
			runOnlyForDeploymentPostprocessing = 0;
		};
		2015431C2DA71124009AEE7E /* Sources */ = {
			isa = PBXSourcesBuildPhase;
			buildActionMask = 2147483647;
			files = (
				20ECE99F2DB6DBF500F25699 /* CatBreedsUITests.swift in Sources */,
				20ECE9A02DB6DBF500F25699 /* CatBreedsUITestsLaunchTests.swift in Sources */,
			);
			runOnlyForDeploymentPostprocessing = 0;
		};
/* End PBXSourcesBuildPhase section */

/* Begin PBXTargetDependency section */
		201543182DA71124009AEE7E /* PBXTargetDependency */ = {
			isa = PBXTargetDependency;
			target = 201543082DA71123009AEE7E /* CatBreeds */;
			targetProxy = 201543172DA71124009AEE7E /* PBXContainerItemProxy */;
		};
		201543222DA71124009AEE7E /* PBXTargetDependency */ = {
			isa = PBXTargetDependency;
			target = 201543082DA71123009AEE7E /* CatBreeds */;
			targetProxy = 201543212DA71124009AEE7E /* PBXContainerItemProxy */;
		};
/* End PBXTargetDependency section */

/* Begin XCBuildConfiguration section */
		201543282DA71124009AEE7E /* Debug */ = {
			isa = XCBuildConfiguration;
			buildSettings = {
				ALWAYS_SEARCH_USER_PATHS = NO;
				ASSETCATALOG_COMPILER_GENERATE_SWIFT_ASSET_SYMBOL_EXTENSIONS = YES;
				CLANG_ANALYZER_NONNULL = YES;
				CLANG_ANALYZER_NUMBER_OBJECT_CONVERSION = YES_AGGRESSIVE;
				CLANG_CXX_LANGUAGE_STANDARD = "gnu++20";
				CLANG_ENABLE_MODULES = YES;
				CLANG_ENABLE_OBJC_ARC = YES;
				CLANG_ENABLE_OBJC_WEAK = YES;
				CLANG_WARN_BLOCK_CAPTURE_AUTORELEASING = YES;
				CLANG_WARN_BOOL_CONVERSION = YES;
				CLANG_WARN_COMMA = YES;
				CLANG_WARN_CONSTANT_CONVERSION = YES;
				CLANG_WARN_DEPRECATED_OBJC_IMPLEMENTATIONS = YES;
				CLANG_WARN_DIRECT_OBJC_ISA_USAGE = YES_ERROR;
				CLANG_WARN_DOCUMENTATION_COMMENTS = YES;
				CLANG_WARN_EMPTY_BODY = YES;
				CLANG_WARN_ENUM_CONVERSION = YES;
				CLANG_WARN_INFINITE_RECURSION = YES;
				CLANG_WARN_INT_CONVERSION = YES;
				CLANG_WARN_NON_LITERAL_NULL_CONVERSION = YES;
				CLANG_WARN_OBJC_IMPLICIT_RETAIN_SELF = YES;
				CLANG_WARN_OBJC_LITERAL_CONVERSION = YES;
				CLANG_WARN_OBJC_ROOT_CLASS = YES_ERROR;
				CLANG_WARN_QUOTED_INCLUDE_IN_FRAMEWORK_HEADER = YES;
				CLANG_WARN_RANGE_LOOP_ANALYSIS = YES;
				CLANG_WARN_STRICT_PROTOTYPES = YES;
				CLANG_WARN_SUSPICIOUS_MOVE = YES;
				CLANG_WARN_UNGUARDED_AVAILABILITY = YES_AGGRESSIVE;
				CLANG_WARN_UNREACHABLE_CODE = YES;
				CLANG_WARN__DUPLICATE_METHOD_MATCH = YES;
				COPY_PHASE_STRIP = NO;
				DEBUG_INFORMATION_FORMAT = dwarf;
				ENABLE_STRICT_OBJC_MSGSEND = YES;
				ENABLE_TESTABILITY = YES;
				ENABLE_USER_SCRIPT_SANDBOXING = YES;
				GCC_C_LANGUAGE_STANDARD = gnu17;
				GCC_DYNAMIC_NO_PIC = NO;
				GCC_NO_COMMON_BLOCKS = YES;
				GCC_OPTIMIZATION_LEVEL = 0;
				GCC_PREPROCESSOR_DEFINITIONS = (
					"DEBUG=1",
					"$(inherited)",
				);
				GCC_WARN_64_TO_32_BIT_CONVERSION = YES;
				GCC_WARN_ABOUT_RETURN_TYPE = YES_ERROR;
				GCC_WARN_UNDECLARED_SELECTOR = YES;
				GCC_WARN_UNINITIALIZED_AUTOS = YES_AGGRESSIVE;
				GCC_WARN_UNUSED_FUNCTION = YES;
				GCC_WARN_UNUSED_VARIABLE = YES;
				IPHONEOS_DEPLOYMENT_TARGET = 18.4;
				LOCALIZATION_PREFERS_STRING_CATALOGS = YES;
				MTL_ENABLE_DEBUG_INFO = INCLUDE_SOURCE;
				MTL_FAST_MATH = YES;
				ONLY_ACTIVE_ARCH = YES;
				SDKROOT = iphoneos;
				SWIFT_ACTIVE_COMPILATION_CONDITIONS = "DEBUG $(inherited)";
				SWIFT_OPTIMIZATION_LEVEL = "-Onone";
			};
			name = Debug;
		};
		201543292DA71124009AEE7E /* Release */ = {
			isa = XCBuildConfiguration;
			buildSettings = {
				ALWAYS_SEARCH_USER_PATHS = NO;
				ASSETCATALOG_COMPILER_GENERATE_SWIFT_ASSET_SYMBOL_EXTENSIONS = YES;
				CLANG_ANALYZER_NONNULL = YES;
				CLANG_ANALYZER_NUMBER_OBJECT_CONVERSION = YES_AGGRESSIVE;
				CLANG_CXX_LANGUAGE_STANDARD = "gnu++20";
				CLANG_ENABLE_MODULES = YES;
				CLANG_ENABLE_OBJC_ARC = YES;
				CLANG_ENABLE_OBJC_WEAK = YES;
				CLANG_WARN_BLOCK_CAPTURE_AUTORELEASING = YES;
				CLANG_WARN_BOOL_CONVERSION = YES;
				CLANG_WARN_COMMA = YES;
				CLANG_WARN_CONSTANT_CONVERSION = YES;
				CLANG_WARN_DEPRECATED_OBJC_IMPLEMENTATIONS = YES;
				CLANG_WARN_DIRECT_OBJC_ISA_USAGE = YES_ERROR;
				CLANG_WARN_DOCUMENTATION_COMMENTS = YES;
				CLANG_WARN_EMPTY_BODY = YES;
				CLANG_WARN_ENUM_CONVERSION = YES;
				CLANG_WARN_INFINITE_RECURSION = YES;
				CLANG_WARN_INT_CONVERSION = YES;
				CLANG_WARN_NON_LITERAL_NULL_CONVERSION = YES;
				CLANG_WARN_OBJC_IMPLICIT_RETAIN_SELF = YES;
				CLANG_WARN_OBJC_LITERAL_CONVERSION = YES;
				CLANG_WARN_OBJC_ROOT_CLASS = YES_ERROR;
				CLANG_WARN_QUOTED_INCLUDE_IN_FRAMEWORK_HEADER = YES;
				CLANG_WARN_RANGE_LOOP_ANALYSIS = YES;
				CLANG_WARN_STRICT_PROTOTYPES = YES;
				CLANG_WARN_SUSPICIOUS_MOVE = YES;
				CLANG_WARN_UNGUARDED_AVAILABILITY = YES_AGGRESSIVE;
				CLANG_WARN_UNREACHABLE_CODE = YES;
				CLANG_WARN__DUPLICATE_METHOD_MATCH = YES;
				COPY_PHASE_STRIP = NO;
				DEBUG_INFORMATION_FORMAT = "dwarf-with-dsym";
				ENABLE_NS_ASSERTIONS = NO;
				ENABLE_STRICT_OBJC_MSGSEND = YES;
				ENABLE_USER_SCRIPT_SANDBOXING = YES;
				GCC_C_LANGUAGE_STANDARD = gnu17;
				GCC_NO_COMMON_BLOCKS = YES;
				GCC_WARN_64_TO_32_BIT_CONVERSION = YES;
				GCC_WARN_ABOUT_RETURN_TYPE = YES_ERROR;
				GCC_WARN_UNDECLARED_SELECTOR = YES;
				GCC_WARN_UNINITIALIZED_AUTOS = YES_AGGRESSIVE;
				GCC_WARN_UNUSED_FUNCTION = YES;
				GCC_WARN_UNUSED_VARIABLE = YES;
				IPHONEOS_DEPLOYMENT_TARGET = 18.4;
				LOCALIZATION_PREFERS_STRING_CATALOGS = YES;
				MTL_ENABLE_DEBUG_INFO = NO;
				MTL_FAST_MATH = YES;
				SDKROOT = iphoneos;
				SWIFT_COMPILATION_MODE = wholemodule;
				VALIDATE_PRODUCT = YES;
			};
			name = Release;
		};
		2015432B2DA71124009AEE7E /* Debug */ = {
			isa = XCBuildConfiguration;
			buildSettings = {
				ASSETCATALOG_COMPILER_APPICON_NAME = AppIcon;
				ASSETCATALOG_COMPILER_GLOBAL_ACCENT_COLOR_NAME = AccentColor;
				CODE_SIGN_STYLE = Automatic;
				CURRENT_PROJECT_VERSION = 1;
				ENABLE_PREVIEWS = YES;
				GENERATE_INFOPLIST_FILE = YES;
				INFOPLIST_KEY_UIApplicationSceneManifest_Generation = YES;
				INFOPLIST_KEY_UIApplicationSupportsIndirectInputEvents = YES;
				INFOPLIST_KEY_UILaunchScreen_Generation = YES;
				INFOPLIST_KEY_UISupportedInterfaceOrientations_iPad = "UIInterfaceOrientationPortrait UIInterfaceOrientationPortraitUpsideDown UIInterfaceOrientationLandscapeLeft UIInterfaceOrientationLandscapeRight";
				INFOPLIST_KEY_UISupportedInterfaceOrientations_iPhone = "UIInterfaceOrientationPortrait UIInterfaceOrientationLandscapeLeft UIInterfaceOrientationLandscapeRight";
				LD_RUNPATH_SEARCH_PATHS = (
					"$(inherited)",
					"@executable_path/Frameworks",
				);
				MARKETING_VERSION = 1.0;
				PRODUCT_BUNDLE_IDENTIFIER = areeb.CatBreeds;
				PRODUCT_NAME = "$(TARGET_NAME)";
				SWIFT_EMIT_LOC_STRINGS = YES;
				SWIFT_VERSION = 5.0;
				TARGETED_DEVICE_FAMILY = "1,2";
			};
			name = Debug;
		};
		2015432C2DA71124009AEE7E /* Release */ = {
			isa = XCBuildConfiguration;
			buildSettings = {
				ASSETCATALOG_COMPILER_APPICON_NAME = AppIcon;
				ASSETCATALOG_COMPILER_GLOBAL_ACCENT_COLOR_NAME = AccentColor;
				CODE_SIGN_STYLE = Automatic;
				CURRENT_PROJECT_VERSION = 1;
				ENABLE_PREVIEWS = YES;
				GENERATE_INFOPLIST_FILE = YES;
				INFOPLIST_KEY_UIApplicationSceneManifest_Generation = YES;
				INFOPLIST_KEY_UIApplicationSupportsIndirectInputEvents = YES;
				INFOPLIST_KEY_UILaunchScreen_Generation = YES;
				INFOPLIST_KEY_UISupportedInterfaceOrientations_iPad = "UIInterfaceOrientationPortrait UIInterfaceOrientationPortraitUpsideDown UIInterfaceOrientationLandscapeLeft UIInterfaceOrientationLandscapeRight";
				INFOPLIST_KEY_UISupportedInterfaceOrientations_iPhone = "UIInterfaceOrientationPortrait UIInterfaceOrientationLandscapeLeft UIInterfaceOrientationLandscapeRight";
				LD_RUNPATH_SEARCH_PATHS = (
					"$(inherited)",
					"@executable_path/Frameworks",
				);
				MARKETING_VERSION = 1.0;
				PRODUCT_BUNDLE_IDENTIFIER = areeb.CatBreeds;
				PRODUCT_NAME = "$(TARGET_NAME)";
				SWIFT_EMIT_LOC_STRINGS = YES;
				SWIFT_VERSION = 5.0;
				TARGETED_DEVICE_FAMILY = "1,2";
			};
			name = Release;
		};
		2015432E2DA71124009AEE7E /* Debug */ = {
			isa = XCBuildConfiguration;
			buildSettings = {
				BUNDLE_LOADER = "$(TEST_HOST)";
				CODE_SIGN_STYLE = Automatic;
				CURRENT_PROJECT_VERSION = 1;
				GENERATE_INFOPLIST_FILE = YES;
				IPHONEOS_DEPLOYMENT_TARGET = 18.4;
				MARKETING_VERSION = 1.0;
				PRODUCT_BUNDLE_IDENTIFIER = areeb.CatBreedsTests;
				PRODUCT_NAME = "$(TARGET_NAME)";
				SWIFT_EMIT_LOC_STRINGS = NO;
				SWIFT_VERSION = 5.0;
				TARGETED_DEVICE_FAMILY = "1,2";
				TEST_HOST = "$(BUILT_PRODUCTS_DIR)/CatBreeds.app/$(BUNDLE_EXECUTABLE_FOLDER_PATH)/CatBreeds";
			};
			name = Debug;
		};
		2015432F2DA71124009AEE7E /* Release */ = {
			isa = XCBuildConfiguration;
			buildSettings = {
				BUNDLE_LOADER = "$(TEST_HOST)";
				CODE_SIGN_STYLE = Automatic;
				CURRENT_PROJECT_VERSION = 1;
				GENERATE_INFOPLIST_FILE = YES;
				IPHONEOS_DEPLOYMENT_TARGET = 18.4;
				MARKETING_VERSION = 1.0;
				PRODUCT_BUNDLE_IDENTIFIER = areeb.CatBreedsTests;
				PRODUCT_NAME = "$(TARGET_NAME)";
				SWIFT_EMIT_LOC_STRINGS = NO;
				SWIFT_VERSION = 5.0;
				TARGETED_DEVICE_FAMILY = "1,2";
				TEST_HOST = "$(BUILT_PRODUCTS_DIR)/CatBreeds.app/$(BUNDLE_EXECUTABLE_FOLDER_PATH)/CatBreeds";
			};
			name = Release;
		};
		201543312DA71124009AEE7E /* Debug */ = {
			isa = XCBuildConfiguration;
			buildSettings = {
				CODE_SIGN_STYLE = Automatic;
				CURRENT_PROJECT_VERSION = 1;
				GENERATE_INFOPLIST_FILE = YES;
				MARKETING_VERSION = 1.0;
				PRODUCT_BUNDLE_IDENTIFIER = areeb.CatBreedsUITests;
				PRODUCT_NAME = "$(TARGET_NAME)";
				SWIFT_EMIT_LOC_STRINGS = NO;
				SWIFT_VERSION = 5.0;
				TARGETED_DEVICE_FAMILY = "1,2";
				TEST_TARGET_NAME = CatBreeds;
			};
			name = Debug;
		};
		201543322DA71124009AEE7E /* Release */ = {
			isa = XCBuildConfiguration;
			buildSettings = {
				CODE_SIGN_STYLE = Automatic;
				CURRENT_PROJECT_VERSION = 1;
				GENERATE_INFOPLIST_FILE = YES;
				MARKETING_VERSION = 1.0;
				PRODUCT_BUNDLE_IDENTIFIER = areeb.CatBreedsUITests;
				PRODUCT_NAME = "$(TARGET_NAME)";
				SWIFT_EMIT_LOC_STRINGS = NO;
				SWIFT_VERSION = 5.0;
				TARGETED_DEVICE_FAMILY = "1,2";
				TEST_TARGET_NAME = CatBreeds;
			};
			name = Release;
		};
/* End XCBuildConfiguration section */

/* Begin XCConfigurationList section */
		201543042DA71123009AEE7E /* Build configuration list for PBXProject "CatBreeds" */ = {
			isa = XCConfigurationList;
			buildConfigurations = (
				201543282DA71124009AEE7E /* Debug */,
				201543292DA71124009AEE7E /* Release */,
			);
			defaultConfigurationIsVisible = 0;
			defaultConfigurationName = Release;
		};
		2015432A2DA71124009AEE7E /* Build configuration list for PBXNativeTarget "CatBreeds" */ = {
			isa = XCConfigurationList;
			buildConfigurations = (
				2015432B2DA71124009AEE7E /* Debug */,
				2015432C2DA71124009AEE7E /* Release */,
			);
			defaultConfigurationIsVisible = 0;
			defaultConfigurationName = Release;
		};
		2015432D2DA71124009AEE7E /* Build configuration list for PBXNativeTarget "CatBreedsTests" */ = {
			isa = XCConfigurationList;
			buildConfigurations = (
				2015432E2DA71124009AEE7E /* Debug */,
				2015432F2DA71124009AEE7E /* Release */,
			);
			defaultConfigurationIsVisible = 0;
			defaultConfigurationName = Release;
		};
		201543302DA71124009AEE7E /* Build configuration list for PBXNativeTarget "CatBreedsUITests" */ = {
			isa = XCConfigurationList;
			buildConfigurations = (
				201543312DA71124009AEE7E /* Debug */,
				201543322DA71124009AEE7E /* Release */,
			);
			defaultConfigurationIsVisible = 0;
			defaultConfigurationName = Release;
		};
/* End XCConfigurationList section */
	};
	rootObject = 201543012DA71123009AEE7E /* Project object */;
}
